
Microsoft Visual Studio Solution File, Format Version 12.00
# Visual Studio Version 16
VisualStudioVersion = 16.0.30907.101
MinimumVisualStudioVersion = 10.0.40219.1
Project("{FAE04EC0-301F-11D3-BF4B-00C04F79EFBC}") = "AzurefunctionsTableStorage", "AzurefunctionsTableStorage\AzurefunctionsTableStorage.csproj", "{A3CC46BF-7F95-405A-9BA8-8786894230E7}"
EndProject
Global
	GlobalSection(SolutionConfigurationPlatforms) = preSolution
		Debug|Any CPU = Debug|Any CPU
		Release|Any CPU = Release|Any CPU
	EndGlobalSection
	GlobalSection(ProjectConfigurationPlatforms) = postSolution
		{A3CC46BF-7F95-405A-9BA8-8786894230E7}.Debug|Any CPU.ActiveCfg = Debug|Any CPU
		{A3CC46BF-7F95-405A-9BA8-8786894230E7}.Debug|Any CPU.Build.0 = Debug|Any CPU
		{A3CC46BF-7F95-405A-9BA8-8786894230E7}.Release|Any CPU.ActiveCfg = Release|Any CPU
		{A3CC46BF-7F95-405A-9BA8-8786894230E7}.Release|Any CPU.Build.0 = Release|Any CPU
	EndGlobalSection
	GlobalSection(SolutionProperties) = preSolution
		HideSolutionNode = FALSE
	EndGlobalSection
	GlobalSection(ExtensibilityGlobals) = postSolution
		SolutionGuid = {2AE36B6C-F6EC-4181-A754-753FBA6AB450}
	EndGlobalSection
EndGlobal
